
Microsoft Visual Studio Solution File, Format Version 12.00
# Visual Studio 15
Project("{FAE04EC0-301F-11D3-BF4B-00C04F79EFBC}") = "Assembly-CSharp", "Assembly-CSharp.csproj", "{1569B49A-2A94-62FD-BA8F-F0B07FA2E5C0}"
EndProject
Project("{FAE04EC0-301F-11D3-BF4B-00C04F79EFBC}") = "Assembly-CSharp-Editor", "Assembly-CSharp-Editor.csproj", "{84B7B3BC-FA4C-A19D-5B31-B9244C3A8308}"
EndProject
Global
	GlobalSection(SolutionConfigurationPlatforms) = preSolution
		Debug|Any CPU = Debug|Any CPU
		Release|Any CPU = Release|Any CPU
	EndGlobalSection
	GlobalSection(ProjectConfigurationPlatforms) = postSolution
		{1569B49A-2A94-62FD-BA8F-F0B07FA2E5C0}.Debug|Any CPU.ActiveCfg = Debug|Any CPU
		{1569B49A-2A94-62FD-BA8F-F0B07FA2E5C0}.Debug|Any CPU.Build.0 = Debug|Any CPU
		{1569B49A-2A94-62FD-BA8F-F0B07FA2E5C0}.Release|Any CPU.ActiveCfg = Release|Any CPU
		{1569B49A-2A94-62FD-BA8F-F0B07FA2E5C0}.Release|Any CPU.Build.0 = Release|Any CPU
		{84B7B3BC-FA4C-A19D-5B31-B9244C3A8308}.Debug|Any CPU.ActiveCfg = Debug|Any CPU
		{84B7B3BC-FA4C-A19D-5B31-B9244C3A8308}.Debug|Any CPU.Build.0 = Debug|Any CPU
		{84B7B3BC-FA4C-A19D-5B31-B9244C3A8308}.Release|Any CPU.ActiveCfg = Release|Any CPU
		{84B7B3BC-FA4C-A19D-5B31-B9244C3A8308}.Release|Any CPU.Build.0 = Release|Any CPU
	EndGlobalSection
	GlobalSection(SolutionProperties) = preSolution
		HideSolutionNode = FALSE
	EndGlobalSection
EndGlobal
